
Microsoft Visual Studio Solution File, Format Version 12.00
# Visual Studio 15
VisualStudioVersion = 15.0.27004.2010
MinimumVisualStudioVersion = 10.0.40219.1
Project("{FAE04EC0-301F-11D3-BF4B-00C04F79EFBC}") = "Softtek.Academy2018.ToDoListApp.Web", "Softtek.Academy2018.ToDoListApp.Web\Softtek.Academy2018.ToDoListApp.Web.csproj", "{EA041BBA-38D7-4A5D-BBD2-C088FE05A069}"
EndProject
Global
	GlobalSection(SolutionConfigurationPlatforms) = preSolution
		Debug|Any CPU = Debug|Any CPU
		Release|Any CPU = Release|Any CPU
	EndGlobalSection
	GlobalSection(ProjectConfigurationPlatforms) = postSolution
		{EA041BBA-38D7-4A5D-BBD2-C088FE05A069}.Debug|Any CPU.ActiveCfg = Debug|Any CPU
		{EA041BBA-38D7-4A5D-BBD2-C088FE05A069}.Debug|Any CPU.Build.0 = Debug|Any CPU
		{EA041BBA-38D7-4A5D-BBD2-C088FE05A069}.Release|Any CPU.ActiveCfg = Release|Any CPU
		{EA041BBA-38D7-4A5D-BBD2-C088FE05A069}.Release|Any CPU.Build.0 = Release|Any CPU
	EndGlobalSection
	GlobalSection(SolutionProperties) = preSolution
		HideSolutionNode = FALSE
	EndGlobalSection
	GlobalSection(ExtensibilityGlobals) = postSolution
		SolutionGuid = {D5E61E3F-3038-4A4C-B02C-4B376F2C94FE}
	EndGlobalSection
EndGlobal
